
Microsoft Visual Studio Solution File, Format Version 12.00
# Visual Studio 15
VisualStudioVersion = 15.0.28307.271
MinimumVisualStudioVersion = 10.0.40219.1
Project("{9A19103F-16F7-4668-BE54-9A1E7A4F7556}") = "GuessingGame", "GuessingGame\GuessingGame.csproj", "{ECF8EB45-7426-4315-9003-1BEEF7D17983}"
EndProject
Global
	GlobalSection(SolutionConfigurationPlatforms) = preSolution
		Debug|Any CPU = Debug|Any CPU
		Release|Any CPU = Release|Any CPU
	EndGlobalSection
	GlobalSection(ProjectConfigurationPlatforms) = postSolution
		{ECF8EB45-7426-4315-9003-1BEEF7D17983}.Debug|Any CPU.ActiveCfg = Debug|Any CPU
		{ECF8EB45-7426-4315-9003-1BEEF7D17983}.Debug|Any CPU.Build.0 = Debug|Any CPU
		{ECF8EB45-7426-4315-9003-1BEEF7D17983}.Release|Any CPU.ActiveCfg = Release|Any CPU
		{ECF8EB45-7426-4315-9003-1BEEF7D17983}.Release|Any CPU.Build.0 = Release|Any CPU
	EndGlobalSection
	GlobalSection(SolutionProperties) = preSolution
		HideSolutionNode = FALSE
	EndGlobalSection
	GlobalSection(ExtensibilityGlobals) = postSolution
		SolutionGuid = {8D0A7205-1C35-4D38-9ECF-0C96412F0308}
	EndGlobalSection
EndGlobal
